
Microsoft Visual Studio Solution File, Format Version 12.00
# Visual Studio Version 17
VisualStudioVersion = 17.9.34728.123
MinimumVisualStudioVersion = 10.0.40219.1
Project("{FAE04EC0-301F-11D3-BF4B-00C04F79EFBC}") = "MailServer", "MailServer\MailServer.csproj", "{2A695EC6-0AC0-48EA-84A7-51DD1D7C410D}"
EndProject
Global
	GlobalSection(SolutionConfigurationPlatforms) = preSolution
		Debug|Any CPU = Debug|Any CPU
		Release|Any CPU = Release|Any CPU
	EndGlobalSection
	GlobalSection(ProjectConfigurationPlatforms) = postSolution
		{2A695EC6-0AC0-48EA-84A7-51DD1D7C410D}.Debug|Any CPU.ActiveCfg = Debug|Any CPU
		{2A695EC6-0AC0-48EA-84A7-51DD1D7C410D}.Debug|Any CPU.Build.0 = Debug|Any CPU
		{2A695EC6-0AC0-48EA-84A7-51DD1D7C410D}.Release|Any CPU.ActiveCfg = Release|Any CPU
		{2A695EC6-0AC0-48EA-84A7-51DD1D7C410D}.Release|Any CPU.Build.0 = Release|Any CPU
	EndGlobalSection
	GlobalSection(SolutionProperties) = preSolution
		HideSolutionNode = FALSE
	EndGlobalSection
	GlobalSection(ExtensibilityGlobals) = postSolution
		SolutionGuid = {CBB93315-0708-422E-9436-96903E7A43DB}
	EndGlobalSection
EndGlobal
